
Microsoft Visual Studio Solution File, Format Version 12.00
# Visual Studio Version 17
VisualStudioVersion = 17.11.35312.102
MinimumVisualStudioVersion = 10.0.40219.1
Project("{FAE04EC0-301F-11D3-BF4B-00C04F79EFBC}") = "2labsredniyYroven", "2labsredniyYroven\2labsredniyYroven.csproj", "{BB92A7E1-922D-47F1-85ED-BD66BC72985F}"
EndProject
Global
	GlobalSection(SolutionConfigurationPlatforms) = preSolution
		Debug|Any CPU = Debug|Any CPU
		Release|Any CPU = Release|Any CPU
	EndGlobalSection
	GlobalSection(ProjectConfigurationPlatforms) = postSolution
		{BB92A7E1-922D-47F1-85ED-BD66BC72985F}.Debug|Any CPU.ActiveCfg = Debug|Any CPU
		{BB92A7E1-922D-47F1-85ED-BD66BC72985F}.Debug|Any CPU.Build.0 = Debug|Any CPU
		{BB92A7E1-922D-47F1-85ED-BD66BC72985F}.Release|Any CPU.ActiveCfg = Release|Any CPU
		{BB92A7E1-922D-47F1-85ED-BD66BC72985F}.Release|Any CPU.Build.0 = Release|Any CPU
	EndGlobalSection
	GlobalSection(SolutionProperties) = preSolution
		HideSolutionNode = FALSE
	EndGlobalSection
	GlobalSection(ExtensibilityGlobals) = postSolution
		SolutionGuid = {77E8B021-54BB-4A78-86F1-98CDC06290BC}
	EndGlobalSection
EndGlobal
